// !$*UTF8*$!
{
	archiveVersion = 1;
	classes = {
	};
	objectVersion = 46;
	objects = {

/* Begin PBXBuildFile section */
		E5B0232E1EE86C06007FB74F /* AppDelegate.swift in Sources */ = {isa = PBXBuildFile; fileRef = E5B0232D1EE86C06007FB74F /* AppDelegate.swift */; };
		E5B023301EE86C06007FB74F /* ViewController.swift in Sources */ = {isa = PBXBuildFile; fileRef = E5B0232F1EE86C06007FB74F /* ViewController.swift */; };
		E5B023331EE86C06007FB74F /* Main.storyboard in Resources */ = {isa = PBXBuildFile; fileRef = E5B023311EE86C06007FB74F /* Main.storyboard */; };
		E5B023351EE86C06007FB74F /* Assets.xcassets in Resources */ = {isa = PBXBuildFile; fileRef = E5B023341EE86C06007FB74F /* Assets.xcassets */; };
		E5B023381EE86C06007FB74F /* LaunchScreen.storyboard in Resources */ = {isa = PBXBuildFile; fileRef = E5B023361EE86C06007FB74F /* LaunchScreen.storyboard */; };
		E5B023431EE86C06007FB74F /* FizzBuzzTests.swift in Sources */ = {isa = PBXBuildFile; fileRef = E5B023421EE86C06007FB74F /* FizzBuzzTests.swift */; };
		E5B0234E1EE86C06007FB74F /* FizzBuzzUITests.swift in Sources */ = {isa = PBXBuildFile; fileRef = E5B0234D1EE86C06007FB74F /* FizzBuzzUITests.swift */; };
/* End PBXBuildFile section */

/* Begin PBXContainerItemProxy section */
		E5B0233F1EE86C06007FB74F /* PBXContainerItemProxy */ = {
			isa = PBXContainerItemProxy;
			containerPortal = E5B023221EE86C06007FB74F /* Project object */;
			proxyType = 1;
			remoteGlobalIDString = E5B023291EE86C06007FB74F;
			remoteInfo = FizzBuzz;
		};
		E5B0234A1EE86C06007FB74F /* PBXContainerItemProxy */ = {
			isa = PBXContainerItemProxy;
			containerPortal = E5B023221EE86C06007FB74F /* Project object */;
			proxyType = 1;
			remoteGlobalIDString = E5B023291EE86C06007FB74F;
			remoteInfo = FizzBuzz;
		};
/* End PBXContainerItemProxy section */

/* Begin PBXFileReference section */
		E5B0232A1EE86C06007FB74F /* FizzBuzz.app */ = {isa = PBXFileReference; explicitFileType = wrapper.application; includeInIndex = 0; path = FizzBuzz.app; sourceTree = BUILT_PRODUCTS_DIR; };
		E5B0232D1EE86C06007FB74F /* AppDelegate.swift */ = {isa = PBXFileReference; lastKnownFileType = sourcecode.swift; path = AppDelegate.swift; sourceTree = "<group>"; };
		E5B0232F1EE86C06007FB74F /* ViewController.swift */ = {isa = PBXFileReference; lastKnownFileType = sourcecode.swift; path = ViewController.swift; sourceTree = "<group>"; };
		E5B023321EE86C06007FB74F /* Base */ = {isa = PBXFileReference; lastKnownFileType = file.storyboard; name = Base; path = Base.lproj/Main.storyboard; sourceTree = "<group>"; };
		E5B023341EE86C06007FB74F /* Assets.xcassets */ = {isa = PBXFileReference; lastKnownFileType = folder.assetcatalog; path = Assets.xcassets; sourceTree = "<group>"; };
		E5B023371EE86C06007FB74F /* Base */ = {isa = PBXFileReference; lastKnownFileType = file.storyboard; name = Base; path = Base.lproj/LaunchScreen.storyboard; sourceTree = "<group>"; };
		E5B023391EE86C06007FB74F /* Info.plist */ = {isa = PBXFileReference; lastKnownFileType = text.plist.xml; path = Info.plist; sourceTree = "<group>"; };
		E5B0233E1EE86C06007FB74F /* FizzBuzzTests.xctest */ = {isa = PBXFileReference; explicitFileType = wrapper.cfbundle; includeInIndex = 0; path = FizzBuzzTests.xctest; sourceTree = BUILT_PRODUCTS_DIR; };
		E5B023421EE86C06007FB74F /* FizzBuzzTests.swift */ = {isa = PBXFileReference; lastKnownFileType = sourcecode.swift; path = FizzBuzzTests.swift; sourceTree = "<group>"; };
		E5B023441EE86C06007FB74F /* Info.plist */ = {isa = PBXFileReference; lastKnownFileType = text.plist.xml; path = Info.plist; sourceTree = "<group>"; };
		E5B023491EE86C06007FB74F /* FizzBuzzUITests.xctest */ = {isa = PBXFileReference; explicitFileType = wrapper.cfbundle; includeInIndex = 0; path = FizzBuzzUITests.xctest; sourceTree = BUILT_PRODUCTS_DIR; };
		E5B0234D1EE86C06007FB74F /* FizzBuzzUITests.swift */ = {isa = PBXFileReference; lastKnownFileType = sourcecode.swift; path = FizzBuzzUITests.swift; sourceTree = "<group>"; };
		E5B0234F1EE86C06007FB74F /* Info.plist */ = {isa = PBXFileReference; lastKnownFileType = text.plist.xml; path = Info.plist; sourceTree = "<group>"; };
/* End PBXFileReference section */

/* Begin PBXFrameworksBuildPhase section */
		E5B023271EE86C06007FB74F /* Frameworks */ = {
			isa = PBXFrameworksBuildPhase;
			buildActionMask = 2147483647;
			files = (
			);
			runOnlyForDeploymentPostprocessing = 0;
		};
		E5B0233B1EE86C06007FB74F /* Frameworks */ = {
			isa = PBXFrameworksBuildPhase;
			buildActionMask = 2147483647;
			files = (
			);
			runOnlyForDeploymentPostprocessing = 0;
		};
		E5B023461EE86C06007FB74F /* Frameworks */ = {
			isa = PBXFrameworksBuildPhase;
			buildActionMask = 2147483647;
			files = (
			);
			runOnlyForDeploymentPostprocessing = 0;
		};
/* End PBXFrameworksBuildPhase section */

/* Begin PBXGroup section */
		E5B023211EE86C06007FB74F = {
			isa = PBXGroup;
			children = (
				E5B0232C1EE86C06007FB74F /* FizzBuzz */,
				E5B023411EE86C06007FB74F /* FizzBuzzTests */,
				E5B0234C1EE86C06007FB74F /* FizzBuzzUITests */,
				E5B0232B1EE86C06007FB74F /* Products */,
			);
			sourceTree = "<group>";
		};
		E5B0232B1EE86C06007FB74F /* Products */ = {
			isa = PBXGroup;
			children = (
				E5B0232A1EE86C06007FB74F /* FizzBuzz.app */,
				E5B0233E1EE86C06007FB74F /* FizzBuzzTests.xctest */,
				E5B023491EE86C06007FB74F /* FizzBuzzUITests.xctest */,
			);
			name = Products;
			sourceTree = "<group>";
		};
		E5B0232C1EE86C06007FB74F /* FizzBuzz */ = {
			isa = PBXGroup;
			children = (
				E5B0232D1EE86C06007FB74F /* AppDelegate.swift */,
				E5B0232F1EE86C06007FB74F /* ViewController.swift */,
				E5B023311EE86C06007FB74F /* Main.storyboard */,
				E5B023341EE86C06007FB74F /* Assets.xcassets */,
				E5B023361EE86C06007FB74F /* LaunchScreen.storyboard */,
				E5B023391EE86C06007FB74F /* Info.plist */,
			);
			path = FizzBuzz;
			sourceTree = "<group>";
		};
		E5B023411EE86C06007FB74F /* FizzBuzzTests */ = {
			isa = PBXGroup;
			children = (
				E5B023421EE86C06007FB74F /* FizzBuzzTests.swift */,
				E5B023441EE86C06007FB74F /* Info.plist */,
			);
			path = FizzBuzzTests;
			sourceTree = "<group>";
		};
		E5B0234C1EE86C06007FB74F /* FizzBuzzUITests */ = {
			isa = PBXGroup;
			children = (
				E5B0234D1EE86C06007FB74F /* FizzBuzzUITests.swift */,
				E5B0234F1EE86C06007FB74F /* Info.plist */,
			);
			path = FizzBuzzUITests;
			sourceTree = "<group>";
		};
/* End PBXGroup section */

/* Begin PBXNativeTarget section */
		E5B023291EE86C06007FB74F /* FizzBuzz */ = {
			isa = PBXNativeTarget;
			buildConfigurationList = E5B023521EE86C06007FB74F /* Build configuration list for PBXNativeTarget "FizzBuzz" */;
			buildPhases = (
				E5B023261EE86C06007FB74F /* Sources */,
				E5B023271EE86C06007FB74F /* Frameworks */,
				E5B023281EE86C06007FB74F /* Resources */,
			);
			buildRules = (
			);
			dependencies = (
			);
			name = FizzBuzz;
			productName = FizzBuzz;
			productReference = E5B0232A1EE86C06007FB74F /* FizzBuzz.app */;
			productType = "com.apple.product-type.application";
		};
		E5B0233D1EE86C06007FB74F /* FizzBuzzTests */ = {
			isa = PBXNativeTarget;
			buildConfigurationList = E5B023551EE86C06007FB74F /* Build configuration list for PBXNativeTarget "FizzBuzzTests" */;
			buildPhases = (
				E5B0233A1EE86C06007FB74F /* Sources */,
				E5B0233B1EE86C06007FB74F /* Frameworks */,
				E5B0233C1EE86C06007FB74F /* Resources */,
			);
			buildRules = (
			);
			dependencies = (
				E5B023401EE86C06007FB74F /* PBXTargetDependency */,
			);
			name = FizzBuzzTests;
			productName = FizzBuzzTests;
			productReference = E5B0233E1EE86C06007FB74F /* FizzBuzzTests.xctest */;
			productType = "com.apple.product-type.bundle.unit-test";
		};
		E5B023481EE86C06007FB74F /* FizzBuzzUITests */ = {
			isa = PBXNativeTarget;
			buildConfigurationList = E5B023581EE86C06007FB74F /* Build configuration list for PBXNativeTarget "FizzBuzzUITests" */;
			buildPhases = (
				E5B023451EE86C06007FB74F /* Sources */,
				E5B023461EE86C06007FB74F /* Frameworks */,
				E5B023471EE86C06007FB74F /* Resources */,
			);
			buildRules = (
			);
			dependencies = (
				E5B0234B1EE86C06007FB74F /* PBXTargetDependency */,
			);
			name = FizzBuzzUITests;
			productName = FizzBuzzUITests;
			productReference = E5B023491EE86C06007FB74F /* FizzBuzzUITests.xctest */;
			productType = "com.apple.product-type.bundle.ui-testing";
		};
/* End PBXNativeTarget section */

/* Begin PBXProject section */
		E5B023221EE86C06007FB74F /* Project object */ = {
			isa = PBXProject;
			attributes = {
				LastSwiftUpdateCheck = 0830;
				LastUpgradeCheck = 0830;
				ORGANIZATIONNAME = "Andrew Yang";
				TargetAttributes = {
					E5B023291EE86C06007FB74F = {
						CreatedOnToolsVersion = 8.3.3;
						ProvisioningStyle = Automatic;
					};
					E5B0233D1EE86C06007FB74F = {
						CreatedOnToolsVersion = 8.3.3;
						ProvisioningStyle = Automatic;
						TestTargetID = E5B023291EE86C06007FB74F;
					};
					E5B023481EE86C06007FB74F = {
						CreatedOnToolsVersion = 8.3.3;
						ProvisioningStyle = Automatic;
						TestTargetID = E5B023291EE86C06007FB74F;
					};
				};
			};
			buildConfigurationList = E5B023251EE86C06007FB74F /* Build configuration list for PBXProject "FizzBuzz" */;
			compatibilityVersion = "Xcode 3.2";
			developmentRegion = English;
			hasScannedForEncodings = 0;
			knownRegions = (
				en,
				Base,
			);
			mainGroup = E5B023211EE86C06007FB74F;
			productRefGroup = E5B0232B1EE86C06007FB74F /* Products */;
			projectDirPath = "";
			projectRoot = "";
			targets = (
				E5B023291EE86C06007FB74F /* FizzBuzz */,
				E5B0233D1EE86C06007FB74F /* FizzBuzzTests */,
				E5B023481EE86C06007FB74F /* FizzBuzzUITests */,
			);
		};
/* End PBXProject section */

/* Begin PBXResourcesBuildPhase section */
		E5B023281EE86C06007FB74F /* Resources */ = {
			isa = PBXResourcesBuildPhase;
			buildActionMask = 2147483647;
			files = (
				E5B023381EE86C06007FB74F /* LaunchScreen.storyboard in Resources */,
				E5B023351EE86C06007FB74F /* Assets.xcassets in Resources */,
				E5B023331EE86C06007FB74F /* Main.storyboard in Resources */,
			);
			runOnlyForDeploymentPostprocessing = 0;
		};
		E5B0233C1EE86C06007FB74F /* Resources */ = {
			isa = PBXResourcesBuildPhase;
			buildActionMask = 2147483647;
			files = (
			);
			runOnlyForDeploymentPostprocessing = 0;
		};
		E5B023471EE86C06007FB74F /* Resources */ = {
			isa = PBXResourcesBuildPhase;
			buildActionMask = 2147483647;
			files = (
			);
			runOnlyForDeploymentPostprocessing = 0;
		};
/* End PBXResourcesBuildPhase section */

/* Begin PBXSourcesBuildPhase section */
		E5B023261EE86C06007FB74F /* Sources */ = {
			isa = PBXSourcesBuildPhase;
			buildActionMask = 2147483647;
			files = (
				E5B023301EE86C06007FB74F /* ViewController.swift in Sources */,
				E5B0232E1EE86C06007FB74F /* AppDelegate.swift in Sources */,
			);
			runOnlyForDeploymentPostprocessing = 0;
		};
		E5B0233A1EE86C06007FB74F /* Sources */ = {
			isa = PBXSourcesBuildPhase;
			buildActionMask = 2147483647;
			files = (
				E5B023431EE86C06007FB74F /* FizzBuzzTests.swift in Sources */,
			);
			runOnlyForDeploymentPostprocessing = 0;
		};
		E5B023451EE86C06007FB74F /* Sources */ = {
			isa = PBXSourcesBuildPhase;
			buildActionMask = 2147483647;
			files = (
				E5B0234E1EE86C06007FB74F /* FizzBuzzUITests.swift in Sources */,
			);
			runOnlyForDeploymentPostprocessing = 0;
		};
/* End PBXSourcesBuildPhase section */

/* Begin PBXTargetDependency section */
		E5B023401EE86C06007FB74F /* PBXTargetDependency */ = {
			isa = PBXTargetDependency;
			target = E5B023291EE86C06007FB74F /* FizzBuzz */;
			targetProxy = E5B0233F1EE86C06007FB74F /* PBXContainerItemProxy */;
		};
		E5B0234B1EE86C06007FB74F /* PBXTargetDependency */ = {
			isa = PBXTargetDependency;
			target = E5B023291EE86C06007FB74F /* FizzBuzz */;
			targetProxy = E5B0234A1EE86C06007FB74F /* PBXContainerItemProxy */;
		};
/* End PBXTargetDependency section */

/* Begin PBXVariantGroup section */
		E5B023311EE86C06007FB74F /* Main.storyboard */ = {
			isa = PBXVariantGroup;
			children = (
				E5B023321EE86C06007FB74F /* Base */,
			);
			name = Main.storyboard;
			sourceTree = "<group>";
		};
		E5B023361EE86C06007FB74F /* LaunchScreen.storyboard */ = {
			isa = PBXVariantGroup;
			children = (
				E5B023371EE86C06007FB74F /* Base */,
			);
			name = LaunchScreen.storyboard;
			sourceTree = "<group>";
		};
/* End PBXVariantGroup section */

/* Begin XCBuildConfiguration section */
		E5B023501EE86C06007FB74F /* Debug */ = {
			isa = XCBuildConfiguration;
			buildSettings = {
				ALWAYS_SEARCH_USER_PATHS = NO;
				CLANG_ANALYZER_NONNULL = YES;
				CLANG_ANALYZER_NUMBER_OBJECT_CONVERSION = YES_AGGRESSIVE;
				CLANG_CXX_LANGUAGE_STANDARD = "gnu++0x";
				CLANG_CXX_LIBRARY = "libc++";
				CLANG_ENABLE_MODULES = YES;
				CLANG_ENABLE_OBJC_ARC = YES;
				CLANG_WARN_BOOL_CONVERSION = YES;
				CLANG_WARN_CONSTANT_CONVERSION = YES;
				CLANG_WARN_DIRECT_OBJC_ISA_USAGE = YES_ERROR;
				CLANG_WARN_DOCUMENTATION_COMMENTS = YES;
				CLANG_WARN_EMPTY_BODY = YES;
				CLANG_WARN_ENUM_CONVERSION = YES;
				CLANG_WARN_INFINITE_RECURSION = YES;
				CLANG_WARN_INT_CONVERSION = YES;
				CLANG_WARN_OBJC_ROOT_CLASS = YES_ERROR;
				CLANG_WARN_SUSPICIOUS_MOVE = YES;
				CLANG_WARN_UNREACHABLE_CODE = YES;
				CLANG_WARN__DUPLICATE_METHOD_MATCH = YES;
				"CODE_SIGN_IDENTITY[sdk=iphoneos*]" = "iPhone Developer";
				COPY_PHASE_STRIP = NO;
				DEBUG_INFORMATION_FORMAT = dwarf;
				ENABLE_STRICT_OBJC_MSGSEND = YES;
				ENABLE_TESTABILITY = YES;
				GCC_C_LANGUAGE_STANDARD = gnu99;
				GCC_DYNAMIC_NO_PIC = NO;
				GCC_NO_COMMON_BLOCKS = YES;
				GCC_OPTIMIZATION_LEVEL = 0;
				GCC_PREPROCESSOR_DEFINITIONS = (
					"DEBUG=1",
					"$(inherited)",
				);
				GCC_WARN_64_TO_32_BIT_CONVERSION = YES;
				GCC_WARN_ABOUT_RETURN_TYPE = YES_ERROR;
				GCC_WARN_UNDECLARED_SELECTOR = YES;
				GCC_WARN_UNINITIALIZED_AUTOS = YES_AGGRESSIVE;
				GCC_WARN_UNUSED_FUNCTION = YES;
				GCC_WARN_UNUSED_VARIABLE = YES;
				IPHONEOS_DEPLOYMENT_TARGET = 10.3;
				MTL_ENABLE_DEBUG_INFO = YES;
				ONLY_ACTIVE_ARCH = YES;
				SDKROOT = iphoneos;
				SWIFT_ACTIVE_COMPILATION_CONDITIONS = DEBUG;
				SWIFT_OPTIMIZATION_LEVEL = "-Onone";
				TARGETED_DEVICE_FAMILY = "1,2";
			};
			name = Debug;
		};
		E5B023511EE86C06007FB74F /* Release */ = {
			isa = XCBuildConfiguration;
			buildSettings = {
				ALWAYS_SEARCH_USER_PATHS = NO;
				CLANG_ANALYZER_NONNULL = YES;
				CLANG_ANALYZER_NUMBER_OBJECT_CONVERSION = YES_AGGRESSIVE;
				CLANG_CXX_LANGUAGE_STANDARD = "gnu++0x";
				CLANG_CXX_LIBRARY = "libc++";
				CLANG_ENABLE_MODULES = YES;
				CLANG_ENABLE_OBJC_ARC = YES;
				CLANG_WARN_BOOL_CONVERSION = YES;
				CLANG_WARN_CONSTANT_CONVERSION = YES;
				CLANG_WARN_DIRECT_OBJC_ISA_USAGE = YES_ERROR;
				CLANG_WARN_DOCUMENTATION_COMMENTS = YES;
				CLANG_WARN_EMPTY_BODY = YES;
				CLANG_WARN_ENUM_CONVERSION = YES;
				CLANG_WARN_INFINITE_RECURSION = YES;
				CLANG_WARN_INT_CONVERSION = YES;
				CLANG_WARN_OBJC_ROOT_CLASS = YES_ERROR;
				CLANG_WARN_SUSPICIOUS_MOVE = YES;
				CLANG_WARN_UNREACHABLE_CODE = YES;
				CLANG_WARN__DUPLICATE_METHOD_MATCH = YES;
				"CODE_SIGN_IDENTITY[sdk=iphoneos*]" = "iPhone Developer";
				COPY_PHASE_STRIP = NO;
				DEBUG_INFORMATION_FORMAT = "dwarf-with-dsym";
				ENABLE_NS_ASSERTIONS = NO;
				ENABLE_STRICT_OBJC_MSGSEND = YES;
				GCC_C_LANGUAGE_STANDARD = gnu99;
				GCC_NO_COMMON_BLOCKS = YES;
				GCC_WARN_64_TO_32_BIT_CONVERSION = YES;
				GCC_WARN_ABOUT_RETURN_TYPE = YES_ERROR;
				GCC_WARN_UNDECLARED_SELECTOR = YES;
				GCC_WARN_UNINITIALIZED_AUTOS = YES_AGGRESSIVE;
				GCC_WARN_UNUSED_FUNCTION = YES;
				GCC_WARN_UNUSED_VARIABLE = YES;
				IPHONEOS_DEPLOYMENT_TARGET = 10.3;
				MTL_ENABLE_DEBUG_INFO = NO;
				SDKROOT = iphoneos;
				SWIFT_OPTIMIZATION_LEVEL = "-Owholemodule";
				TARGETED_DEVICE_FAMILY = "1,2";
				VALIDATE_PRODUCT = YES;
			};
			name = Release;
		};
		E5B023531EE86C06007FB74F /* Debug */ = {
			isa = XCBuildConfiguration;
			buildSettings = {
				ASSETCATALOG_COMPILER_APPICON_NAME = AppIcon;
				INFOPLIST_FILE = FizzBuzz/Info.plist;
				LD_RUNPATH_SEARCH_PATHS = "$(inherited) @executable_path/Frameworks";
				PRODUCT_BUNDLE_IDENTIFIER = whatever.FizzBuzz;
				PRODUCT_NAME = "$(TARGET_NAME)";
				SWIFT_VERSION = 3.0;
			};
			name = Debug;
		};
		E5B023541EE86C06007FB74F /* Release */ = {
			isa = XCBuildConfiguration;
			buildSettings = {
				ASSETCATALOG_COMPILER_APPICON_NAME = AppIcon;
				INFOPLIST_FILE = FizzBuzz/Info.plist;
				LD_RUNPATH_SEARCH_PATHS = "$(inherited) @executable_path/Frameworks";
				PRODUCT_BUNDLE_IDENTIFIER = whatever.FizzBuzz;
				PRODUCT_NAME = "$(TARGET_NAME)";
				SWIFT_VERSION = 3.0;
			};
			name = Release;
		};
		E5B023561EE86C06007FB74F /* Debug */ = {
			isa = XCBuildConfiguration;
			buildSettings = {
				ALWAYS_EMBED_SWIFT_STANDARD_LIBRARIES = YES;
				BUNDLE_LOADER = "$(TEST_HOST)";
				INFOPLIST_FILE = FizzBuzzTests/Info.plist;
				LD_RUNPATH_SEARCH_PATHS = "$(inherited) @executable_path/Frameworks @loader_path/Frameworks";
				PRODUCT_BUNDLE_IDENTIFIER = whatever.FizzBuzzTests;
				PRODUCT_NAME = "$(TARGET_NAME)";
				SWIFT_VERSION = 3.0;
				TEST_HOST = "$(BUILT_PRODUCTS_DIR)/FizzBuzz.app/FizzBuzz";
			};
			name = Debug;
		};
		E5B023571EE86C06007FB74F /* Release */ = {
			isa = XCBuildConfiguration;
			buildSettings = {
				ALWAYS_EMBED_SWIFT_STANDARD_LIBRARIES = YES;
				BUNDLE_LOADER = "$(TEST_HOST)";
				INFOPLIST_FILE = FizzBuzzTests/Info.plist;
				LD_RUNPATH_SEARCH_PATHS = "$(inherited) @executable_path/Frameworks @loader_path/Frameworks";
				PRODUCT_BUNDLE_IDENTIFIER = whatever.FizzBuzzTests;
				PRODUCT_NAME = "$(TARGET_NAME)";
				SWIFT_VERSION = 3.0;
				TEST_HOST = "$(BUILT_PRODUCTS_DIR)/FizzBuzz.app/FizzBuzz";
			};
			name = Release;
		};
		E5B023591EE86C06007FB74F /* Debug */ = {
			isa = XCBuildConfiguration;
			buildSettings = {
				ALWAYS_EMBED_SWIFT_STANDARD_LIBRARIES = YES;
				INFOPLIST_FILE = FizzBuzzUITests/Info.plist;
				LD_RUNPATH_SEARCH_PATHS = "$(inherited) @executable_path/Frameworks @loader_path/Frameworks";
				PRODUCT_BUNDLE_IDENTIFIER = whatever.FizzBuzzUITests;
				PRODUCT_NAME = "$(TARGET_NAME)";
				SWIFT_VERSION = 3.0;
				TEST_TARGET_NAME = FizzBuzz;
			};
			name = Debug;
		};
		E5B0235A1EE86C06007FB74F /* Release */ = {
			isa = XCBuildConfiguration;
			buildSettings = {
				ALWAYS_EMBED_SWIFT_STANDARD_LIBRARIES = YES;
				INFOPLIST_FILE = FizzBuzzUITests/Info.plist;
				LD_RUNPATH_SEARCH_PATHS = "$(inherited) @executable_path/Frameworks @loader_path/Frameworks";
				PRODUCT_BUNDLE_IDENTIFIER = whatever.FizzBuzzUITests;
				PRODUCT_NAME = "$(TARGET_NAME)";
				SWIFT_VERSION = 3.0;
				TEST_TARGET_NAME = FizzBuzz;
			};
			name = Release;
		};
/* End XCBuildConfiguration section */

/* Begin XCConfigurationList section */
		E5B023251EE86C06007FB74F /* Build configuration list for PBXProject "FizzBuzz" */ = {
			isa = XCConfigurationList;
			buildConfigurations = (
				E5B023501EE86C06007FB74F /* Debug */,
				E5B023511EE86C06007FB74F /* Release */,
			);
			defaultConfigurationIsVisible = 0;
			defaultConfigurationName = Release;
		};
		E5B023521EE86C06007FB74F /* Build configuration list for PBXNativeTarget "FizzBuzz" */ = {
			isa = XCConfigurationList;
			buildConfigurations = (
				E5B023531EE86C06007FB74F /* Debug */,
				E5B023541EE86C06007FB74F /* Release */,
			);
			defaultConfigurationIsVisible = 0;
		};
		E5B023551EE86C06007FB74F /* Build configuration list for PBXNativeTarget "FizzBuzzTests" */ = {
			isa = XCConfigurationList;
			buildConfigurations = (
				E5B023561EE86C06007FB74F /* Debug */,
				E5B023571EE86C06007FB74F /* Release */,
			);
			defaultConfigurationIsVisible = 0;
		};
		E5B023581EE86C06007FB74F /* Build configuration list for PBXNativeTarget "FizzBuzzUITests" */ = {
			isa = XCConfigurationList;
			buildConfigurations = (
				E5B023591EE86C06007FB74F /* Debug */,
				E5B0235A1EE86C06007FB74F /* Release */,
			);
			defaultConfigurationIsVisible = 0;
		};
/* End XCConfigurationList section */
	};
	rootObject = E5B023221EE86C06007FB74F /* Project object */;
}
